
Microsoft Visual Studio Solution File, Format Version 12.00
# Visual Studio Version 17
VisualStudioVersion = 17.0.31903.59
MinimumVisualStudioVersion = 10.0.40219.1
Project("{2150E333-8FDC-42A3-9474-1A3956D46DE8}") = "src", "src", "{827E0CD3-B72D-47B6-A68D-7590B98EB39B}"
EndProject
Project("{FAE04EC0-301F-11D3-BF4B-00C04F79EFBC}") = "MercatoPulse.Orders.Api", "src\MercatoPulse.Orders.Api\MercatoPulse.Orders.Api.csproj", "{F29BD860-8FDA-4D56-98EE-FBBFBC11A059}"
EndProject
Project("{FAE04EC0-301F-11D3-BF4B-00C04F79EFBC}") = "MercatoPulse.Orders.Worker", "src\MercatoPulse.Orders.Worker\MercatoPulse.Orders.Worker.csproj", "{E086C5FF-0517-444E-9F47-72BEEFFDBAD6}"
EndProject
Project("{2150E333-8FDC-42A3-9474-1A3956D46DE8}") = "tests", "tests", "{0AB3BF05-4346-4AA6-1389-037BE0695223}"
EndProject
Project("{FAE04EC0-301F-11D3-BF4B-00C04F79EFBC}") = "MercatoPulse.Tests", "tests\MercatoPulse.Tests\MercatoPulse.Tests.csproj", "{9A7D353C-3179-4B6E-9D21-01C9E9DA3625}"
EndProject
Global
	GlobalSection(SolutionConfigurationPlatforms) = preSolution
		Debug|Any CPU = Debug|Any CPU
		Debug|x64 = Debug|x64
		Debug|x86 = Debug|x86
		Release|Any CPU = Release|Any CPU
		Release|x64 = Release|x64
		Release|x86 = Release|x86
	EndGlobalSection
	GlobalSection(ProjectConfigurationPlatforms) = postSolution
		{F29BD860-8FDA-4D56-98EE-FBBFBC11A059}.Debug|Any CPU.ActiveCfg = Debug|Any CPU
		{F29BD860-8FDA-4D56-98EE-FBBFBC11A059}.Debug|Any CPU.Build.0 = Debug|Any CPU
		{F29BD860-8FDA-4D56-98EE-FBBFBC11A059}.Debug|x64.ActiveCfg = Debug|Any CPU
		{F29BD860-8FDA-4D56-98EE-FBBFBC11A059}.Debug|x64.Build.0 = Debug|Any CPU
		{F29BD860-8FDA-4D56-98EE-FBBFBC11A059}.Debug|x86.ActiveCfg = Debug|Any CPU
		{F29BD860-8FDA-4D56-98EE-FBBFBC11A059}.Debug|x86.Build.0 = Debug|Any CPU
		{F29BD860-8FDA-4D56-98EE-FBBFBC11A059}.Release|Any CPU.ActiveCfg = Release|Any CPU
		{F29BD860-8FDA-4D56-98EE-FBBFBC11A059}.Release|Any CPU.Build.0 = Release|Any CPU
		{F29BD860-8FDA-4D56-98EE-FBBFBC11A059}.Release|x64.ActiveCfg = Release|Any CPU
		{F29BD860-8FDA-4D56-98EE-FBBFBC11A059}.Release|x64.Build.0 = Release|Any CPU
		{F29BD860-8FDA-4D56-98EE-FBBFBC11A059}.Release|x86.ActiveCfg = Release|Any CPU
		{F29BD860-8FDA-4D56-98EE-FBBFBC11A059}.Release|x86.Build.0 = Release|Any CPU
		{E086C5FF-0517-444E-9F47-72BEEFFDBAD6}.Debug|Any CPU.ActiveCfg = Debug|Any CPU
		{E086C5FF-0517-444E-9F47-72BEEFFDBAD6}.Debug|Any CPU.Build.0 = Debug|Any CPU
		{E086C5FF-0517-444E-9F47-72BEEFFDBAD6}.Debug|x64.ActiveCfg = Debug|Any CPU
		{E086C5FF-0517-444E-9F47-72BEEFFDBAD6}.Debug|x64.Build.0 = Debug|Any CPU
		{E086C5FF-0517-444E-9F47-72BEEFFDBAD6}.Debug|x86.ActiveCfg = Debug|Any CPU
		{E086C5FF-0517-444E-9F47-72BEEFFDBAD6}.Debug|x86.Build.0 = Debug|Any CPU
		{E086C5FF-0517-444E-9F47-72BEEFFDBAD6}.Release|Any CPU.ActiveCfg = Release|Any CPU
		{E086C5FF-0517-444E-9F47-72BEEFFDBAD6}.Release|Any CPU.Build.0 = Release|Any CPU
		{E086C5FF-0517-444E-9F47-72BEEFFDBAD6}.Release|x64.ActiveCfg = Release|Any CPU
		{E086C5FF-0517-444E-9F47-72BEEFFDBAD6}.Release|x64.Build.0 = Release|Any CPU
		{E086C5FF-0517-444E-9F47-72BEEFFDBAD6}.Release|x86.ActiveCfg = Release|Any CPU
		{E086C5FF-0517-444E-9F47-72BEEFFDBAD6}.Release|x86.Build.0 = Release|Any CPU
		{9A7D353C-3179-4B6E-9D21-01C9E9DA3625}.Debug|Any CPU.ActiveCfg = Debug|Any CPU
		{9A7D353C-3179-4B6E-9D21-01C9E9DA3625}.Debug|Any CPU.Build.0 = Debug|Any CPU
		{9A7D353C-3179-4B6E-9D21-01C9E9DA3625}.Debug|x64.ActiveCfg = Debug|Any CPU
		{9A7D353C-3179-4B6E-9D21-01C9E9DA3625}.Debug|x64.Build.0 = Debug|Any CPU
		{9A7D353C-3179-4B6E-9D21-01C9E9DA3625}.Debug|x86.ActiveCfg = Debug|Any CPU
		{9A7D353C-3179-4B6E-9D21-01C9E9DA3625}.Debug|x86.Build.0 = Debug|Any CPU
		{9A7D353C-3179-4B6E-9D21-01C9E9DA3625}.Release|Any CPU.ActiveCfg = Release|Any CPU
		{9A7D353C-3179-4B6E-9D21-01C9E9DA3625}.Release|Any CPU.Build.0 = Release|Any CPU
		{9A7D353C-3179-4B6E-9D21-01C9E9DA3625}.Release|x64.ActiveCfg = Release|Any CPU
		{9A7D353C-3179-4B6E-9D21-01C9E9DA3625}.Release|x64.Build.0 = Release|Any CPU
		{9A7D353C-3179-4B6E-9D21-01C9E9DA3625}.Release|x86.ActiveCfg = Release|Any CPU
		{9A7D353C-3179-4B6E-9D21-01C9E9DA3625}.Release|x86.Build.0 = Release|Any CPU
	EndGlobalSection
	GlobalSection(SolutionProperties) = preSolution
		HideSolutionNode = FALSE
	EndGlobalSection
	GlobalSection(NestedProjects) = preSolution
		{F29BD860-8FDA-4D56-98EE-FBBFBC11A059} = {827E0CD3-B72D-47B6-A68D-7590B98EB39B}
		{E086C5FF-0517-444E-9F47-72BEEFFDBAD6} = {827E0CD3-B72D-47B6-A68D-7590B98EB39B}
		{9A7D353C-3179-4B6E-9D21-01C9E9DA3625} = {0AB3BF05-4346-4AA6-1389-037BE0695223}
	EndGlobalSection
EndGlobal
