
Microsoft Visual Studio Solution File, Format Version 12.00
# Visual Studio Version 17
VisualStudioVersion = 17.0.31903.59
MinimumVisualStudioVersion = 10.0.40219.1
Project("{2150E333-8FDC-42A3-9474-1A3956D46DE8}") = "src", "src", "{827E0CD3-B72D-47B6-A68D-7590B98EB39B}"
EndProject
Project("{FAE04EC0-301F-11D3-BF4B-00C04F79EFBC}") = "AuroraPay.Gateway", "src\AuroraPay.Gateway\AuroraPay.Gateway.csproj", "{852BBEA5-EC3E-4D77-AC28-E65C357066B4}"
EndProject
Project("{FAE04EC0-301F-11D3-BF4B-00C04F79EFBC}") = "AuroraPay.Contracts", "src\AuroraPay.Contracts\AuroraPay.Contracts.csproj", "{68F78BD8-9050-467F-A2C3-73CED33F0ED2}"
EndProject
Project("{FAE04EC0-301F-11D3-BF4B-00C04F79EFBC}") = "AuroraPay.Payments", "src\AuroraPay.Payments\AuroraPay.Payments.csproj", "{FBA5371B-3579-4836-AB6D-556E193D2C60}"
EndProject
Project("{2150E333-8FDC-42A3-9474-1A3956D46DE8}") = "tests", "tests", "{0AB3BF05-4346-4AA6-1389-037BE0695223}"
EndProject
Project("{FAE04EC0-301F-11D3-BF4B-00C04F79EFBC}") = "AuroraPay.Tests", "tests\AuroraPay.Tests\AuroraPay.Tests.csproj", "{3364B69E-37C4-4C2D-BE89-1B577B38E045}"
EndProject
Global
	GlobalSection(SolutionConfigurationPlatforms) = preSolution
		Debug|Any CPU = Debug|Any CPU
		Debug|x64 = Debug|x64
		Debug|x86 = Debug|x86
		Release|Any CPU = Release|Any CPU
		Release|x64 = Release|x64
		Release|x86 = Release|x86
	EndGlobalSection
	GlobalSection(ProjectConfigurationPlatforms) = postSolution
		{852BBEA5-EC3E-4D77-AC28-E65C357066B4}.Debug|Any CPU.ActiveCfg = Debug|Any CPU
		{852BBEA5-EC3E-4D77-AC28-E65C357066B4}.Debug|Any CPU.Build.0 = Debug|Any CPU
		{852BBEA5-EC3E-4D77-AC28-E65C357066B4}.Debug|x64.ActiveCfg = Debug|Any CPU
		{852BBEA5-EC3E-4D77-AC28-E65C357066B4}.Debug|x64.Build.0 = Debug|Any CPU
		{852BBEA5-EC3E-4D77-AC28-E65C357066B4}.Debug|x86.ActiveCfg = Debug|Any CPU
		{852BBEA5-EC3E-4D77-AC28-E65C357066B4}.Debug|x86.Build.0 = Debug|Any CPU
		{852BBEA5-EC3E-4D77-AC28-E65C357066B4}.Release|Any CPU.ActiveCfg = Release|Any CPU
		{852BBEA5-EC3E-4D77-AC28-E65C357066B4}.Release|Any CPU.Build.0 = Release|Any CPU
		{852BBEA5-EC3E-4D77-AC28-E65C357066B4}.Release|x64.ActiveCfg = Release|Any CPU
		{852BBEA5-EC3E-4D77-AC28-E65C357066B4}.Release|x64.Build.0 = Release|Any CPU
		{852BBEA5-EC3E-4D77-AC28-E65C357066B4}.Release|x86.ActiveCfg = Release|Any CPU
		{852BBEA5-EC3E-4D77-AC28-E65C357066B4}.Release|x86.Build.0 = Release|Any CPU
		{68F78BD8-9050-467F-A2C3-73CED33F0ED2}.Debug|Any CPU.ActiveCfg = Debug|Any CPU
		{68F78BD8-9050-467F-A2C3-73CED33F0ED2}.Debug|Any CPU.Build.0 = Debug|Any CPU
		{68F78BD8-9050-467F-A2C3-73CED33F0ED2}.Debug|x64.ActiveCfg = Debug|Any CPU
		{68F78BD8-9050-467F-A2C3-73CED33F0ED2}.Debug|x64.Build.0 = Debug|Any CPU
		{68F78BD8-9050-467F-A2C3-73CED33F0ED2}.Debug|x86.ActiveCfg = Debug|Any CPU
		{68F78BD8-9050-467F-A2C3-73CED33F0ED2}.Debug|x86.Build.0 = Debug|Any CPU
		{68F78BD8-9050-467F-A2C3-73CED33F0ED2}.Release|Any CPU.ActiveCfg = Release|Any CPU
		{68F78BD8-9050-467F-A2C3-73CED33F0ED2}.Release|Any CPU.Build.0 = Release|Any CPU
		{68F78BD8-9050-467F-A2C3-73CED33F0ED2}.Release|x64.ActiveCfg = Release|Any CPU
		{68F78BD8-9050-467F-A2C3-73CED33F0ED2}.Release|x64.Build.0 = Release|Any CPU
		{68F78BD8-9050-467F-A2C3-73CED33F0ED2}.Release|x86.ActiveCfg = Release|Any CPU
		{68F78BD8-9050-467F-A2C3-73CED33F0ED2}.Release|x86.Build.0 = Release|Any CPU
		{FBA5371B-3579-4836-AB6D-556E193D2C60}.Debug|Any CPU.ActiveCfg = Debug|Any CPU
		{FBA5371B-3579-4836-AB6D-556E193D2C60}.Debug|Any CPU.Build.0 = Debug|Any CPU
		{FBA5371B-3579-4836-AB6D-556E193D2C60}.Debug|x64.ActiveCfg = Debug|Any CPU
		{FBA5371B-3579-4836-AB6D-556E193D2C60}.Debug|x64.Build.0 = Debug|Any CPU
		{FBA5371B-3579-4836-AB6D-556E193D2C60}.Debug|x86.ActiveCfg = Debug|Any CPU
		{FBA5371B-3579-4836-AB6D-556E193D2C60}.Debug|x86.Build.0 = Debug|Any CPU
		{FBA5371B-3579-4836-AB6D-556E193D2C60}.Release|Any CPU.ActiveCfg = Release|Any CPU
		{FBA5371B-3579-4836-AB6D-556E193D2C60}.Release|Any CPU.Build.0 = Release|Any CPU
		{FBA5371B-3579-4836-AB6D-556E193D2C60}.Release|x64.ActiveCfg = Release|Any CPU
		{FBA5371B-3579-4836-AB6D-556E193D2C60}.Release|x64.Build.0 = Release|Any CPU
		{FBA5371B-3579-4836-AB6D-556E193D2C60}.Release|x86.ActiveCfg = Release|Any CPU
		{FBA5371B-3579-4836-AB6D-556E193D2C60}.Release|x86.Build.0 = Release|Any CPU
		{3364B69E-37C4-4C2D-BE89-1B577B38E045}.Debug|Any CPU.ActiveCfg = Debug|Any CPU
		{3364B69E-37C4-4C2D-BE89-1B577B38E045}.Debug|Any CPU.Build.0 = Debug|Any CPU
		{3364B69E-37C4-4C2D-BE89-1B577B38E045}.Debug|x64.ActiveCfg = Debug|Any CPU
		{3364B69E-37C4-4C2D-BE89-1B577B38E045}.Debug|x64.Build.0 = Debug|Any CPU
		{3364B69E-37C4-4C2D-BE89-1B577B38E045}.Debug|x86.ActiveCfg = Debug|Any CPU
		{3364B69E-37C4-4C2D-BE89-1B577B38E045}.Debug|x86.Build.0 = Debug|Any CPU
		{3364B69E-37C4-4C2D-BE89-1B577B38E045}.Release|Any CPU.ActiveCfg = Release|Any CPU
		{3364B69E-37C4-4C2D-BE89-1B577B38E045}.Release|Any CPU.Build.0 = Release|Any CPU
		{3364B69E-37C4-4C2D-BE89-1B577B38E045}.Release|x64.ActiveCfg = Release|Any CPU
		{3364B69E-37C4-4C2D-BE89-1B577B38E045}.Release|x64.Build.0 = Release|Any CPU
		{3364B69E-37C4-4C2D-BE89-1B577B38E045}.Release|x86.ActiveCfg = Release|Any CPU
		{3364B69E-37C4-4C2D-BE89-1B577B38E045}.Release|x86.Build.0 = Release|Any CPU
	EndGlobalSection
	GlobalSection(SolutionProperties) = preSolution
		HideSolutionNode = FALSE
	EndGlobalSection
	GlobalSection(NestedProjects) = preSolution
		{852BBEA5-EC3E-4D77-AC28-E65C357066B4} = {827E0CD3-B72D-47B6-A68D-7590B98EB39B}
		{68F78BD8-9050-467F-A2C3-73CED33F0ED2} = {827E0CD3-B72D-47B6-A68D-7590B98EB39B}
		{FBA5371B-3579-4836-AB6D-556E193D2C60} = {827E0CD3-B72D-47B6-A68D-7590B98EB39B}
		{3364B69E-37C4-4C2D-BE89-1B577B38E045} = {0AB3BF05-4346-4AA6-1389-037BE0695223}
	EndGlobalSection
EndGlobal
